
Microsoft Visual Studio Solution File, Format Version 12.00
# Visual Studio Version 16
VisualStudioVersion = 16.0.31005.135
MinimumVisualStudioVersion = 10.0.40219.1
Project("{FAE04EC0-301F-11D3-BF4B-00C04F79EFBC}") = "Laboratorio No2 repaso Joel Gramajo", "Laboratorio No2 repaso Joel Gramajo.csproj", "{3DC00EFD-610D-4F1D-B026-0C109F22AA1A}"
EndProject
Global
	GlobalSection(SolutionConfigurationPlatforms) = preSolution
		Debug|Any CPU = Debug|Any CPU
		Release|Any CPU = Release|Any CPU
	EndGlobalSection
	GlobalSection(ProjectConfigurationPlatforms) = postSolution
		{3DC00EFD-610D-4F1D-B026-0C109F22AA1A}.Debug|Any CPU.ActiveCfg = Debug|Any CPU
		{3DC00EFD-610D-4F1D-B026-0C109F22AA1A}.Debug|Any CPU.Build.0 = Debug|Any CPU
		{3DC00EFD-610D-4F1D-B026-0C109F22AA1A}.Release|Any CPU.ActiveCfg = Release|Any CPU
		{3DC00EFD-610D-4F1D-B026-0C109F22AA1A}.Release|Any CPU.Build.0 = Release|Any CPU
	EndGlobalSection
	GlobalSection(SolutionProperties) = preSolution
		HideSolutionNode = FALSE
	EndGlobalSection
	GlobalSection(ExtensibilityGlobals) = postSolution
		SolutionGuid = {BC6B117F-FE28-43A8-87C6-33170B32B297}
	EndGlobalSection
EndGlobal
